// !$*UTF8*$!
{
	archiveVersion = 1;
	classes = {
	};
	objectVersion = 46;
	objects = {

/* Begin PBXBuildFile section */
		54654B751BD78BD90067F65A /* AppDelegate.swift in Sources */ = {isa = PBXBuildFile; fileRef = 54654B741BD78BD90067F65A /* AppDelegate.swift */; };
		54654B771BD78BD90067F65A /* ViewController.swift in Sources */ = {isa = PBXBuildFile; fileRef = 54654B761BD78BD90067F65A /* ViewController.swift */; };
		54654B7A1BD78BD90067F65A /* Main.storyboard in Resources */ = {isa = PBXBuildFile; fileRef = 54654B781BD78BD90067F65A /* Main.storyboard */; };
		54654B7C1BD78BD90067F65A /* Assets.xcassets in Resources */ = {isa = PBXBuildFile; fileRef = 54654B7B1BD78BD90067F65A /* Assets.xcassets */; };
		54654B7F1BD78BD90067F65A /* LaunchScreen.storyboard in Resources */ = {isa = PBXBuildFile; fileRef = 54654B7D1BD78BD90067F65A /* LaunchScreen.storyboard */; };
		54654B8A1BD790480067F65A /* BBaseRefreshView.swift in Sources */ = {isa = PBXBuildFile; fileRef = 54654B891BD790480067F65A /* BBaseRefreshView.swift */; settings = {ASSET_TAGS = (); }; };
		54654B8C1BD7A29F0067F65A /* Foundation.framework in Frameworks */ = {isa = PBXBuildFile; fileRef = 54654B8B1BD7A29F0067F65A /* Foundation.framework */; };
		54654B8E1BD7AE1E0067F65A /* BRefreshView.swift in Sources */ = {isa = PBXBuildFile; fileRef = 54654B8D1BD7AE1E0067F65A /* BRefreshView.swift */; settings = {ASSET_TAGS = (); }; };
/* End PBXBuildFile section */

/* Begin PBXFileReference section */
		54654B711BD78BD90067F65A /* BRefresh.app */ = {isa = PBXFileReference; explicitFileType = wrapper.application; includeInIndex = 0; path = BRefresh.app; sourceTree = BUILT_PRODUCTS_DIR; };
		54654B741BD78BD90067F65A /* AppDelegate.swift */ = {isa = PBXFileReference; lastKnownFileType = sourcecode.swift; path = AppDelegate.swift; sourceTree = "<group>"; };
		54654B761BD78BD90067F65A /* ViewController.swift */ = {isa = PBXFileReference; lastKnownFileType = sourcecode.swift; path = ViewController.swift; sourceTree = "<group>"; };
		54654B791BD78BD90067F65A /* Base */ = {isa = PBXFileReference; lastKnownFileType = file.storyboard; name = Base; path = Base.lproj/Main.storyboard; sourceTree = "<group>"; };
		54654B7B1BD78BD90067F65A /* Assets.xcassets */ = {isa = PBXFileReference; lastKnownFileType = folder.assetcatalog; path = Assets.xcassets; sourceTree = "<group>"; };
		54654B7E1BD78BD90067F65A /* Base */ = {isa = PBXFileReference; lastKnownFileType = file.storyboard; name = Base; path = Base.lproj/LaunchScreen.storyboard; sourceTree = "<group>"; };
		54654B801BD78BD90067F65A /* Info.plist */ = {isa = PBXFileReference; lastKnownFileType = text.plist.xml; path = Info.plist; sourceTree = "<group>"; };
		54654B891BD790480067F65A /* BBaseRefreshView.swift */ = {isa = PBXFileReference; fileEncoding = 4; lastKnownFileType = sourcecode.swift; path = BBaseRefreshView.swift; sourceTree = "<group>"; };
		54654B8B1BD7A29F0067F65A /* Foundation.framework */ = {isa = PBXFileReference; lastKnownFileType = wrapper.framework; name = Foundation.framework; path = System/Library/Frameworks/Foundation.framework; sourceTree = SDKROOT; };
		54654B8D1BD7AE1E0067F65A /* BRefreshView.swift */ = {isa = PBXFileReference; fileEncoding = 4; lastKnownFileType = sourcecode.swift; path = BRefreshView.swift; sourceTree = "<group>"; };
/* End PBXFileReference section */

/* Begin PBXFrameworksBuildPhase section */
		54654B6E1BD78BD90067F65A /* Frameworks */ = {
			isa = PBXFrameworksBuildPhase;
			buildActionMask = 2147483647;
			files = (
				54654B8C1BD7A29F0067F65A /* Foundation.framework in Frameworks */,
			);
			runOnlyForDeploymentPostprocessing = 0;
		};
/* End PBXFrameworksBuildPhase section */

/* Begin PBXGroup section */
		54654B681BD78BD90067F65A = {
			isa = PBXGroup;
			children = (
				54654B8B1BD7A29F0067F65A /* Foundation.framework */,
				54654B731BD78BD90067F65A /* BRefresh */,
				54654B721BD78BD90067F65A /* Products */,
			);
			sourceTree = "<group>";
		};
		54654B721BD78BD90067F65A /* Products */ = {
			isa = PBXGroup;
			children = (
				54654B711BD78BD90067F65A /* BRefresh.app */,
			);
			name = Products;
			sourceTree = "<group>";
		};
		54654B731BD78BD90067F65A /* BRefresh */ = {
			isa = PBXGroup;
			children = (
				54654B861BD78D5C0067F65A /* BRefresh */,
				54654B741BD78BD90067F65A /* AppDelegate.swift */,
				54654B761BD78BD90067F65A /* ViewController.swift */,
				54654B781BD78BD90067F65A /* Main.storyboard */,
				54654B7B1BD78BD90067F65A /* Assets.xcassets */,
				54654B7D1BD78BD90067F65A /* LaunchScreen.storyboard */,
				54654B801BD78BD90067F65A /* Info.plist */,
			);
			path = BRefresh;
			sourceTree = "<group>";
		};
		54654B861BD78D5C0067F65A /* BRefresh */ = {
			isa = PBXGroup;
			children = (
				54654B891BD790480067F65A /* BBaseRefreshView.swift */,
				54654B8D1BD7AE1E0067F65A /* BRefreshView.swift */,
			);
			path = BRefresh;
			sourceTree = "<group>";
		};
/* End PBXGroup section */

/* Begin PBXNativeTarget section */
		54654B701BD78BD90067F65A /* BRefresh */ = {
			isa = PBXNativeTarget;
			buildConfigurationList = 54654B831BD78BD90067F65A /* Build configuration list for PBXNativeTarget "BRefresh" */;
			buildPhases = (
				54654B6D1BD78BD90067F65A /* Sources */,
				54654B6E1BD78BD90067F65A /* Frameworks */,
				54654B6F1BD78BD90067F65A /* Resources */,
			);
			buildRules = (
			);
			dependencies = (
			);
			name = BRefresh;
			productName = BRefresh;
			productReference = 54654B711BD78BD90067F65A /* BRefresh.app */;
			productType = "com.apple.product-type.application";
		};
/* End PBXNativeTarget section */

/* Begin PBXProject section */
		54654B691BD78BD90067F65A /* Project object */ = {
			isa = PBXProject;
			attributes = {
				LastUpgradeCheck = 0700;
				ORGANIZATIONNAME = brant;
				TargetAttributes = {
					54654B701BD78BD90067F65A = {
						CreatedOnToolsVersion = 7.0.1;
					};
				};
			};
			buildConfigurationList = 54654B6C1BD78BD90067F65A /* Build configuration list for PBXProject "BRefresh" */;
			compatibilityVersion = "Xcode 3.2";
			developmentRegion = English;
			hasScannedForEncodings = 0;
			knownRegions = (
				en,
				Base,
			);
			mainGroup = 54654B681BD78BD90067F65A;
			productRefGroup = 54654B721BD78BD90067F65A /* Products */;
			projectDirPath = "";
			projectRoot = "";
			targets = (
				54654B701BD78BD90067F65A /* BRefresh */,
			);
		};
/* End PBXProject section */

/* Begin PBXResourcesBuildPhase section */
		54654B6F1BD78BD90067F65A /* Resources */ = {
			isa = PBXResourcesBuildPhase;
			buildActionMask = 2147483647;
			files = (
				54654B7F1BD78BD90067F65A /* LaunchScreen.storyboard in Resources */,
				54654B7C1BD78BD90067F65A /* Assets.xcassets in Resources */,
				54654B7A1BD78BD90067F65A /* Main.storyboard in Resources */,
			);
			runOnlyForDeploymentPostprocessing = 0;
		};
/* End PBXResourcesBuildPhase section */

/* Begin PBXSourcesBuildPhase section */
		54654B6D1BD78BD90067F65A /* Sources */ = {
			isa = PBXSourcesBuildPhase;
			buildActionMask = 2147483647;
			files = (
				54654B771BD78BD90067F65A /* ViewController.swift in Sources */,
				54654B8A1BD790480067F65A /* BBaseRefreshView.swift in Sources */,
				54654B8E1BD7AE1E0067F65A /* BRefreshView.swift in Sources */,
				54654B751BD78BD90067F65A /* AppDelegate.swift in Sources */,
			);
			runOnlyForDeploymentPostprocessing = 0;
		};
/* End PBXSourcesBuildPhase section */

/* Begin PBXVariantGroup section */
		54654B781BD78BD90067F65A /* Main.storyboard */ = {
			isa = PBXVariantGroup;
			children = (
				54654B791BD78BD90067F65A /* Base */,
			);
			name = Main.storyboard;
			sourceTree = "<group>";
		};
		54654B7D1BD78BD90067F65A /* LaunchScreen.storyboard */ = {
			isa = PBXVariantGroup;
			children = (
				54654B7E1BD78BD90067F65A /* Base */,
			);
			name = LaunchScreen.storyboard;
			sourceTree = "<group>";
		};
/* End PBXVariantGroup section */

/* Begin XCBuildConfiguration section */
		54654B811BD78BD90067F65A /* Debug */ = {
			isa = XCBuildConfiguration;
			buildSettings = {
				ALWAYS_SEARCH_USER_PATHS = NO;
				CLANG_CXX_LANGUAGE_STANDARD = "gnu++0x";
				CLANG_CXX_LIBRARY = "libc++";
				CLANG_ENABLE_MODULES = YES;
				CLANG_ENABLE_OBJC_ARC = YES;
				CLANG_WARN_BOOL_CONVERSION = YES;
				CLANG_WARN_CONSTANT_CONVERSION = YES;
				CLANG_WARN_DIRECT_OBJC_ISA_USAGE = YES_ERROR;
				CLANG_WARN_EMPTY_BODY = YES;
				CLANG_WARN_ENUM_CONVERSION = YES;
				CLANG_WARN_INT_CONVERSION = YES;
				CLANG_WARN_OBJC_ROOT_CLASS = YES_ERROR;
				CLANG_WARN_UNREACHABLE_CODE = YES;
				CLANG_WARN__DUPLICATE_METHOD_MATCH = YES;
				"CODE_SIGN_IDENTITY[sdk=iphoneos*]" = "iPhone Developer";
				COPY_PHASE_STRIP = NO;
				DEBUG_INFORMATION_FORMAT = dwarf;
				ENABLE_STRICT_OBJC_MSGSEND = YES;
				ENABLE_TESTABILITY = YES;
				GCC_C_LANGUAGE_STANDARD = gnu99;
				GCC_DYNAMIC_NO_PIC = NO;
				GCC_NO_COMMON_BLOCKS = YES;
				GCC_OPTIMIZATION_LEVEL = 0;
				GCC_PREPROCESSOR_DEFINITIONS = (
					"DEBUG=1",
					"$(inherited)",
				);
				GCC_WARN_64_TO_32_BIT_CONVERSION = YES;
				GCC_WARN_ABOUT_RETURN_TYPE = YES_ERROR;
				GCC_WARN_UNDECLARED_SELECTOR = YES;
				GCC_WARN_UNINITIALIZED_AUTOS = YES_AGGRESSIVE;
				GCC_WARN_UNUSED_FUNCTION = YES;
				GCC_WARN_UNUSED_VARIABLE = YES;
				IPHONEOS_DEPLOYMENT_TARGET = 7.0;
				MTL_ENABLE_DEBUG_INFO = YES;
				ONLY_ACTIVE_ARCH = YES;
				SDKROOT = iphoneos;
				SWIFT_OPTIMIZATION_LEVEL = "-Onone";
			};
			name = Debug;
		};
		54654B821BD78BD90067F65A /* Release */ = {
			isa = XCBuildConfiguration;
			buildSettings = {
				ALWAYS_SEARCH_USER_PATHS = NO;
				CLANG_CXX_LANGUAGE_STANDARD = "gnu++0x";
				CLANG_CXX_LIBRARY = "libc++";
				CLANG_ENABLE_MODULES = YES;
				CLANG_ENABLE_OBJC_ARC = YES;
				CLANG_WARN_BOOL_CONVERSION = YES;
				CLANG_WARN_CONSTANT_CONVERSION = YES;
				CLANG_WARN_DIRECT_OBJC_ISA_USAGE = YES_ERROR;
				CLANG_WARN_EMPTY_BODY = YES;
				CLANG_WARN_ENUM_CONVERSION = YES;
				CLANG_WARN_INT_CONVERSION = YES;
				CLANG_WARN_OBJC_ROOT_CLASS = YES_ERROR;
				CLANG_WARN_UNREACHABLE_CODE = YES;
				CLANG_WARN__DUPLICATE_METHOD_MATCH = YES;
				"CODE_SIGN_IDENTITY[sdk=iphoneos*]" = "iPhone Developer";
				COPY_PHASE_STRIP = NO;
				DEBUG_INFORMATION_FORMAT = "dwarf-with-dsym";
				ENABLE_NS_ASSERTIONS = NO;
				ENABLE_STRICT_OBJC_MSGSEND = YES;
				GCC_C_LANGUAGE_STANDARD = gnu99;
				GCC_NO_COMMON_BLOCKS = YES;
				GCC_WARN_64_TO_32_BIT_CONVERSION = YES;
				GCC_WARN_ABOUT_RETURN_TYPE = YES_ERROR;
				GCC_WARN_UNDECLARED_SELECTOR = YES;
				GCC_WARN_UNINITIALIZED_AUTOS = YES_AGGRESSIVE;
				GCC_WARN_UNUSED_FUNCTION = YES;
				GCC_WARN_UNUSED_VARIABLE = YES;
				IPHONEOS_DEPLOYMENT_TARGET = 7.0;
				MTL_ENABLE_DEBUG_INFO = NO;
				SDKROOT = iphoneos;
				VALIDATE_PRODUCT = YES;
			};
			name = Release;
		};
		54654B841BD78BD90067F65A /* Debug */ = {
			isa = XCBuildConfiguration;
			buildSettings = {
				ASSETCATALOG_COMPILER_APPICON_NAME = AppIcon;
				INFOPLIST_FILE = BRefresh/Info.plist;
				LD_RUNPATH_SEARCH_PATHS = "$(inherited) @executable_path/Frameworks";
				PRODUCT_BUNDLE_IDENTIFIER = com.brant.BRefresh;
				PRODUCT_NAME = "$(TARGET_NAME)";
				TARGETED_DEVICE_FAMILY = 1;
			};
			name = Debug;
		};
		54654B851BD78BD90067F65A /* Release */ = {
			isa = XCBuildConfiguration;
			buildSettings = {
				ASSETCATALOG_COMPILER_APPICON_NAME = AppIcon;
				INFOPLIST_FILE = BRefresh/Info.plist;
				LD_RUNPATH_SEARCH_PATHS = "$(inherited) @executable_path/Frameworks";
				PRODUCT_BUNDLE_IDENTIFIER = com.brant.BRefresh;
				PRODUCT_NAME = "$(TARGET_NAME)";
				TARGETED_DEVICE_FAMILY = 1;
			};
			name = Release;
		};
/* End XCBuildConfiguration section */

/* Begin XCConfigurationList section */
		54654B6C1BD78BD90067F65A /* Build configuration list for PBXProject "BRefresh" */ = {
			isa = XCConfigurationList;
			buildConfigurations = (
				54654B811BD78BD90067F65A /* Debug */,
				54654B821BD78BD90067F65A /* Release */,
			);
			defaultConfigurationIsVisible = 0;
			defaultConfigurationName = Release;
		};
		54654B831BD78BD90067F65A /* Build configuration list for PBXNativeTarget "BRefresh" */ = {
			isa = XCConfigurationList;
			buildConfigurations = (
				54654B841BD78BD90067F65A /* Debug */,
				54654B851BD78BD90067F65A /* Release */,
			);
			defaultConfigurationIsVisible = 0;
			defaultConfigurationName = Release;
		};
/* End XCConfigurationList section */
	};
	rootObject = 54654B691BD78BD90067F65A /* Project object */;
}
